
Microsoft Visual Studio Solution File, Format Version 12.00
# Visual Studio 15
VisualStudioVersion = 15.0.28010.2046
MinimumVisualStudioVersion = 10.0.40219.1
Project("{FAE04EC0-301F-11D3-BF4B-00C04F79EFBC}") = "asp_blog", "asp_blog\asp_blog.csproj", "{234C44D2-13A4-4CE9-B869-BBFAC7292D02}"
EndProject
Global
	GlobalSection(SolutionConfigurationPlatforms) = preSolution
		Debug|Any CPU = Debug|Any CPU
		Release|Any CPU = Release|Any CPU
	EndGlobalSection
	GlobalSection(ProjectConfigurationPlatforms) = postSolution
		{234C44D2-13A4-4CE9-B869-BBFAC7292D02}.Debug|Any CPU.ActiveCfg = Debug|Any CPU
		{234C44D2-13A4-4CE9-B869-BBFAC7292D02}.Debug|Any CPU.Build.0 = Debug|Any CPU
		{234C44D2-13A4-4CE9-B869-BBFAC7292D02}.Release|Any CPU.ActiveCfg = Release|Any CPU
		{234C44D2-13A4-4CE9-B869-BBFAC7292D02}.Release|Any CPU.Build.0 = Release|Any CPU
	EndGlobalSection
	GlobalSection(SolutionProperties) = preSolution
		HideSolutionNode = FALSE
	EndGlobalSection
	GlobalSection(ExtensibilityGlobals) = postSolution
		SolutionGuid = {6CCA45EE-0C25-4AB4-A9DA-6709E878581C}
	EndGlobalSection
EndGlobal
